
Microsoft Visual Studio Solution File, Format Version 12.00
# Visual Studio Version 16
VisualStudioVersion = 16.0.30011.22
MinimumVisualStudioVersion = 10.0.40219.1
Project("{9A19103F-16F7-4668-BE54-9A1E7A4F7556}") = "CumulusMX", "CumulusMX.csproj", "{7A8AC2A5-CFD5-427F-AACE-AD865FDC7B24}"
EndProject
Project("{2150E333-8FDC-42A3-9474-1A3956D46DE8}") = "Solution Items", "Solution Items", "{8002FFF4-AB73-4999-A5C8-42EDAC7EB41D}"
	ProjectSection(SolutionItems) = preProject
		.editorconfig = .editorconfig
	EndProjectSection
EndProject
Global
	GlobalSection(SolutionConfigurationPlatforms) = preSolution
		Debug|Any CPU = Debug|Any CPU
		Release|Any CPU = Release|Any CPU
	EndGlobalSection
	GlobalSection(ProjectConfigurationPlatforms) = postSolution
		{7A8AC2A5-CFD5-427F-AACE-AD865FDC7B24}.Debug|Any CPU.ActiveCfg = Debug|Any CPU
		{7A8AC2A5-CFD5-427F-AACE-AD865FDC7B24}.Debug|Any CPU.Build.0 = Debug|Any CPU
		{7A8AC2A5-CFD5-427F-AACE-AD865FDC7B24}.Release|Any CPU.ActiveCfg = Release|Any CPU
		{7A8AC2A5-CFD5-427F-AACE-AD865FDC7B24}.Release|Any CPU.Build.0 = Release|Any CPU
	EndGlobalSection
	GlobalSection(SolutionProperties) = preSolution
		HideSolutionNode = FALSE
	EndGlobalSection
	GlobalSection(ExtensibilityGlobals) = postSolution
		SolutionGuid = {90F5D766-67D6-4094-92D6-27AEF77E2E2B}
	EndGlobalSection
EndGlobal
